
Microsoft Visual Studio Solution File, Format Version 12.00
# Visual Studio 15
VisualStudioVersion = 15.0.27130.2036
MinimumVisualStudioVersion = 10.0.40219.1
Project("{FAE04EC0-301F-11D3-BF4B-00C04F79EFBC}") = "OrdenacionDatosXml", "OrdenacionDatosXml\OrdenacionDatosXml.csproj", "{0075C590-5537-4847-983A-CA5321D2FE92}"
EndProject
Global
	GlobalSection(SolutionConfigurationPlatforms) = preSolution
		Debug|Any CPU = Debug|Any CPU
		Release|Any CPU = Release|Any CPU
	EndGlobalSection
	GlobalSection(ProjectConfigurationPlatforms) = postSolution
		{0075C590-5537-4847-983A-CA5321D2FE92}.Debug|Any CPU.ActiveCfg = Debug|Any CPU
		{0075C590-5537-4847-983A-CA5321D2FE92}.Debug|Any CPU.Build.0 = Debug|Any CPU
		{0075C590-5537-4847-983A-CA5321D2FE92}.Release|Any CPU.ActiveCfg = Release|Any CPU
		{0075C590-5537-4847-983A-CA5321D2FE92}.Release|Any CPU.Build.0 = Release|Any CPU
	EndGlobalSection
	GlobalSection(SolutionProperties) = preSolution
		HideSolutionNode = FALSE
	EndGlobalSection
	GlobalSection(ExtensibilityGlobals) = postSolution
		SolutionGuid = {A9F9DE6F-01F4-4905-9103-BA785FD23339}
	EndGlobalSection
EndGlobal
